{
  "name": "@hexlet/code",
  "version": "1.0.0",
  "lockfileVersion": 3,
  "requires": true,
  "packages": {
    "": {
      "name": "@hexlet/code",
      "version": "1.0.0",
      "license": "ISC",
      "dependencies": {
        "commander": "^12.0.0"
      },
      "devDependencies": {
        "globals": "^15.1.0"
      }
    },
    "node_modules/commander": {
      "version": "12.0.0",
      "resolved": "https://registry.npmjs.org/commander/-/commander-12.0.0.tgz",
      "integrity": "sha512-MwVNWlYjDTtOjX5PiD7o5pK0UrFU/OYgcJfjjK4RaHZETNtjJqrZa9Y9ds88+A+f+d5lv+561eZ+yCKoS3gbAA==",
      "engines": {
        "node": ">=18"
      }
    },
    "node_modules/globals": {
      "version": "15.1.0",
      "resolved": "https://registry.npmjs.org/globals/-/globals-15.1.0.tgz",
      "integrity": "sha512-926gJqg+4mkxwYKiFvoomM4J0kWESfk3qfTvRL2/oc/tK/eTDBbrfcKnSa2KtfdxB5onoL7D3A3qIHQFpd4+UA==",
      "dev": true,
      "engines": {
        "node": ">=18"
      },
      "funding": {
        "url": "https://github.com/sponsors/sindresorhus"
      }
    }
  }
}
